
Microsoft Visual Studio Solution File, Format Version 12.00
# Visual Studio 15
VisualStudioVersion = 15.0.26403.7
MinimumVisualStudioVersion = 10.0.40219.1
Project("{2150E333-8FDC-42A3-9474-1A3956D46DE8}") = "src", "src", "{E8932BE8-694F-4C9F-BA72-637E0E1916AD}"
EndProject
Project("{9A19103F-16F7-4668-BE54-9A1E7A4F7556}") = "CSharp-Client", "src\CSharp-Client\CSharp-Client.csproj", "{AB440653-25E7-40A3-9F99-7F9359795558}"
EndProject
Global
	GlobalSection(SolutionConfigurationPlatforms) = preSolution
		Debug|Any CPU = Debug|Any CPU
		Release|Any CPU = Release|Any CPU
	EndGlobalSection
	GlobalSection(ProjectConfigurationPlatforms) = postSolution
		{AB440653-25E7-40A3-9F99-7F9359795558}.Debug|Any CPU.ActiveCfg = Debug|Any CPU
		{AB440653-25E7-40A3-9F99-7F9359795558}.Debug|Any CPU.Build.0 = Debug|Any CPU
		{AB440653-25E7-40A3-9F99-7F9359795558}.Release|Any CPU.ActiveCfg = Release|Any CPU
		{AB440653-25E7-40A3-9F99-7F9359795558}.Release|Any CPU.Build.0 = Release|Any CPU
	EndGlobalSection
	GlobalSection(SolutionProperties) = preSolution
		HideSolutionNode = FALSE
	EndGlobalSection
	GlobalSection(NestedProjects) = preSolution
		{AB440653-25E7-40A3-9F99-7F9359795558} = {E8932BE8-694F-4C9F-BA72-637E0E1916AD}
	EndGlobalSection
EndGlobal
